// !$*UTF8*$!
{
	archiveVersion = 1;
	classes = {
	};
	objectVersion = 56;
	objects = {

/* Begin PBXBuildFile section */
		F98B63922BA3762B00C1748E /* main.swift in Sources */ = {isa = PBXBuildFile; fileRef = F98B63912BA3762B00C1748E /* main.swift */; };
		F98B639F2BA3767B00C1748E /* sysCheckXpc.swift in Sources */ = {isa = PBXBuildFile; fileRef = F98B639E2BA3767B00C1748E /* sysCheckXpc.swift */; };
		F98B63A12BA3767B00C1748E /* sysCheckXpcProtocol.swift in Sources */ = {isa = PBXBuildFile; fileRef = F98B63A02BA3767B00C1748E /* sysCheckXpcProtocol.swift */; };
		F98B63A32BA3767B00C1748E /* main.swift in Sources */ = {isa = PBXBuildFile; fileRef = F98B63A22BA3767B00C1748E /* main.swift */; };
		F98B63B02BA376AC00C1748E /* main.swift in Sources */ = {isa = PBXBuildFile; fileRef = F98B63AF2BA376AC00C1748E /* main.swift */; };
/* End PBXBuildFile section */

/* Begin PBXCopyFilesBuildPhase section */
		F98B638C2BA3762B00C1748E /* CopyFiles */ = {
			isa = PBXCopyFilesBuildPhase;
			buildActionMask = 2147483647;
			dstPath = /usr/share/man/man1/;
			dstSubfolderSpec = 0;
			files = (
			);
			runOnlyForDeploymentPostprocessing = 1;
		};
		F98B63AB2BA376AC00C1748E /* CopyFiles */ = {
			isa = PBXCopyFilesBuildPhase;
			buildActionMask = 2147483647;
			dstPath = /usr/share/man/man1/;
			dstSubfolderSpec = 0;
			files = (
			);
			runOnlyForDeploymentPostprocessing = 1;
		};
/* End PBXCopyFilesBuildPhase section */

/* Begin PBXFileReference section */
		F98B638E2BA3762B00C1748E /* sysCheck */ = {isa = PBXFileReference; explicitFileType = "compiled.mach-o.executable"; includeInIndex = 0; path = sysCheck; sourceTree = BUILT_PRODUCTS_DIR; };
		F98B63912BA3762B00C1748E /* main.swift */ = {isa = PBXFileReference; lastKnownFileType = sourcecode.swift; path = main.swift; sourceTree = "<group>"; };
		F98B639C2BA3767B00C1748E /* sysCheckXpc.xpc */ = {isa = PBXFileReference; explicitFileType = "wrapper.xpc-service"; includeInIndex = 0; path = sysCheckXpc.xpc; sourceTree = BUILT_PRODUCTS_DIR; };
		F98B639E2BA3767B00C1748E /* sysCheckXpc.swift */ = {isa = PBXFileReference; lastKnownFileType = sourcecode.swift; path = sysCheckXpc.swift; sourceTree = "<group>"; };
		F98B63A02BA3767B00C1748E /* sysCheckXpcProtocol.swift */ = {isa = PBXFileReference; lastKnownFileType = sourcecode.swift; path = sysCheckXpcProtocol.swift; sourceTree = "<group>"; };
		F98B63A22BA3767B00C1748E /* main.swift */ = {isa = PBXFileReference; lastKnownFileType = sourcecode.swift; path = main.swift; sourceTree = "<group>"; };
		F98B63A42BA3767B00C1748E /* Info.plist */ = {isa = PBXFileReference; lastKnownFileType = text.plist.xml; path = Info.plist; sourceTree = "<group>"; };
		F98B63A52BA3767B00C1748E /* sysCheckXpc.entitlements */ = {isa = PBXFileReference; lastKnownFileType = text.plist.entitlements; path = sysCheckXpc.entitlements; sourceTree = "<group>"; };
		F98B63AD2BA376AC00C1748E /* sysOuput */ = {isa = PBXFileReference; explicitFileType = "compiled.mach-o.executable"; includeInIndex = 0; path = sysOuput; sourceTree = BUILT_PRODUCTS_DIR; };
		F98B63AF2BA376AC00C1748E /* main.swift */ = {isa = PBXFileReference; lastKnownFileType = sourcecode.swift; path = main.swift; sourceTree = "<group>"; };
/* End PBXFileReference section */

/* Begin PBXFrameworksBuildPhase section */
		F98B638B2BA3762B00C1748E /* Frameworks */ = {
			isa = PBXFrameworksBuildPhase;
			buildActionMask = 2147483647;
			files = (
			);
			runOnlyForDeploymentPostprocessing = 0;
		};
		F98B63992BA3767B00C1748E /* Frameworks */ = {
			isa = PBXFrameworksBuildPhase;
			buildActionMask = 2147483647;
			files = (
			);
			runOnlyForDeploymentPostprocessing = 0;
		};
		F98B63AA2BA376AC00C1748E /* Frameworks */ = {
			isa = PBXFrameworksBuildPhase;
			buildActionMask = 2147483647;
			files = (
			);
			runOnlyForDeploymentPostprocessing = 0;
		};
/* End PBXFrameworksBuildPhase section */

/* Begin PBXGroup section */
		F98B63852BA3762B00C1748E = {
			isa = PBXGroup;
			children = (
				F98B63902BA3762B00C1748E /* sysCheck */,
				F98B639D2BA3767B00C1748E /* sysCheckXpc */,
				F98B63AE2BA376AC00C1748E /* sysOuput */,
				F98B638F2BA3762B00C1748E /* Products */,
			);
			sourceTree = "<group>";
		};
		F98B638F2BA3762B00C1748E /* Products */ = {
			isa = PBXGroup;
			children = (
				F98B638E2BA3762B00C1748E /* sysCheck */,
				F98B639C2BA3767B00C1748E /* sysCheckXpc.xpc */,
				F98B63AD2BA376AC00C1748E /* sysOuput */,
			);
			name = Products;
			sourceTree = "<group>";
		};
		F98B63902BA3762B00C1748E /* sysCheck */ = {
			isa = PBXGroup;
			children = (
				F98B63912BA3762B00C1748E /* main.swift */,
			);
			path = sysCheck;
			sourceTree = "<group>";
		};
		F98B639D2BA3767B00C1748E /* sysCheckXpc */ = {
			isa = PBXGroup;
			children = (
				F98B639E2BA3767B00C1748E /* sysCheckXpc.swift */,
				F98B63A02BA3767B00C1748E /* sysCheckXpcProtocol.swift */,
				F98B63A22BA3767B00C1748E /* main.swift */,
				F98B63A42BA3767B00C1748E /* Info.plist */,
				F98B63A52BA3767B00C1748E /* sysCheckXpc.entitlements */,
			);
			path = sysCheckXpc;
			sourceTree = "<group>";
		};
		F98B63AE2BA376AC00C1748E /* sysOuput */ = {
			isa = PBXGroup;
			children = (
				F98B63AF2BA376AC00C1748E /* main.swift */,
			);
			path = sysOuput;
			sourceTree = "<group>";
		};
/* End PBXGroup section */

/* Begin PBXNativeTarget section */
		F98B638D2BA3762B00C1748E /* sysCheck */ = {
			isa = PBXNativeTarget;
			buildConfigurationList = F98B63952BA3762B00C1748E /* Build configuration list for PBXNativeTarget "sysCheck" */;
			buildPhases = (
				F98B638A2BA3762B00C1748E /* Sources */,
				F98B638B2BA3762B00C1748E /* Frameworks */,
				F98B638C2BA3762B00C1748E /* CopyFiles */,
			);
			buildRules = (
			);
			dependencies = (
			);
			name = sysCheck;
			productName = sysCheck;
			productReference = F98B638E2BA3762B00C1748E /* sysCheck */;
			productType = "com.apple.product-type.tool";
		};
		F98B639B2BA3767B00C1748E /* sysCheckXpc */ = {
			isa = PBXNativeTarget;
			buildConfigurationList = F98B63A62BA3767B00C1748E /* Build configuration list for PBXNativeTarget "sysCheckXpc" */;
			buildPhases = (
				F98B63982BA3767B00C1748E /* Sources */,
				F98B63992BA3767B00C1748E /* Frameworks */,
				F98B639A2BA3767B00C1748E /* Resources */,
			);
			buildRules = (
			);
			dependencies = (
			);
			name = sysCheckXpc;
			productName = sysCheckXpc;
			productReference = F98B639C2BA3767B00C1748E /* sysCheckXpc.xpc */;
			productType = "com.apple.product-type.xpc-service";
		};
		F98B63AC2BA376AC00C1748E /* sysOuput */ = {
			isa = PBXNativeTarget;
			buildConfigurationList = F98B63B12BA376AC00C1748E /* Build configuration list for PBXNativeTarget "sysOuput" */;
			buildPhases = (
				F98B63A92BA376AC00C1748E /* Sources */,
				F98B63AA2BA376AC00C1748E /* Frameworks */,
				F98B63AB2BA376AC00C1748E /* CopyFiles */,
			);
			buildRules = (
			);
			dependencies = (
			);
			name = sysOuput;
			productName = sysOuput;
			productReference = F98B63AD2BA376AC00C1748E /* sysOuput */;
			productType = "com.apple.product-type.tool";
		};
/* End PBXNativeTarget section */

/* Begin PBXProject section */
		F98B63862BA3762B00C1748E /* Project object */ = {
			isa = PBXProject;
			attributes = {
				BuildIndependentTargetsInParallel = 1;
				LastSwiftUpdateCheck = 1520;
				LastUpgradeCheck = 1520;
				TargetAttributes = {
					F98B638D2BA3762B00C1748E = {
						CreatedOnToolsVersion = 15.2;
					};
					F98B639B2BA3767B00C1748E = {
						CreatedOnToolsVersion = 15.2;
					};
					F98B63AC2BA376AC00C1748E = {
						CreatedOnToolsVersion = 15.2;
					};
				};
			};
			buildConfigurationList = F98B63892BA3762B00C1748E /* Build configuration list for PBXProject "sysCheck" */;
			compatibilityVersion = "Xcode 14.0";
			developmentRegion = en;
			hasScannedForEncodings = 0;
			knownRegions = (
				en,
				Base,
			);
			mainGroup = F98B63852BA3762B00C1748E;
			productRefGroup = F98B638F2BA3762B00C1748E /* Products */;
			projectDirPath = "";
			projectRoot = "";
			targets = (
				F98B638D2BA3762B00C1748E /* sysCheck */,
				F98B639B2BA3767B00C1748E /* sysCheckXpc */,
				F98B63AC2BA376AC00C1748E /* sysOuput */,
			);
		};
/* End PBXProject section */

/* Begin PBXResourcesBuildPhase section */
		F98B639A2BA3767B00C1748E /* Resources */ = {
			isa = PBXResourcesBuildPhase;
			buildActionMask = 2147483647;
			files = (
			);
			runOnlyForDeploymentPostprocessing = 0;
		};
/* End PBXResourcesBuildPhase section */

/* Begin PBXSourcesBuildPhase section */
		F98B638A2BA3762B00C1748E /* Sources */ = {
			isa = PBXSourcesBuildPhase;
			buildActionMask = 2147483647;
			files = (
				F98B63922BA3762B00C1748E /* main.swift in Sources */,
			);
			runOnlyForDeploymentPostprocessing = 0;
		};
		F98B63982BA3767B00C1748E /* Sources */ = {
			isa = PBXSourcesBuildPhase;
			buildActionMask = 2147483647;
			files = (
				F98B63A12BA3767B00C1748E /* sysCheckXpcProtocol.swift in Sources */,
				F98B639F2BA3767B00C1748E /* sysCheckXpc.swift in Sources */,
				F98B63A32BA3767B00C1748E /* main.swift in Sources */,
			);
			runOnlyForDeploymentPostprocessing = 0;
		};
		F98B63A92BA376AC00C1748E /* Sources */ = {
			isa = PBXSourcesBuildPhase;
			buildActionMask = 2147483647;
			files = (
				F98B63B02BA376AC00C1748E /* main.swift in Sources */,
			);
			runOnlyForDeploymentPostprocessing = 0;
		};
/* End PBXSourcesBuildPhase section */

/* Begin XCBuildConfiguration section */
		F98B63932BA3762B00C1748E /* Debug */ = {
			isa = XCBuildConfiguration;
			buildSettings = {
				ALWAYS_SEARCH_USER_PATHS = NO;
				ASSETCATALOG_COMPILER_GENERATE_SWIFT_ASSET_SYMBOL_EXTENSIONS = YES;
				CLANG_ANALYZER_NONNULL = YES;
				CLANG_ANALYZER_NUMBER_OBJECT_CONVERSION = YES_AGGRESSIVE;
				CLANG_CXX_LANGUAGE_STANDARD = "gnu++20";
				CLANG_ENABLE_MODULES = YES;
				CLANG_ENABLE_OBJC_ARC = YES;
				CLANG_ENABLE_OBJC_WEAK = YES;
				CLANG_WARN_BLOCK_CAPTURE_AUTORELEASING = YES;
				CLANG_WARN_BOOL_CONVERSION = YES;
				CLANG_WARN_COMMA = YES;
				CLANG_WARN_CONSTANT_CONVERSION = YES;
				CLANG_WARN_DEPRECATED_OBJC_IMPLEMENTATIONS = YES;
				CLANG_WARN_DIRECT_OBJC_ISA_USAGE = YES_ERROR;
				CLANG_WARN_DOCUMENTATION_COMMENTS = YES;
				CLANG_WARN_EMPTY_BODY = YES;
				CLANG_WARN_ENUM_CONVERSION = YES;
				CLANG_WARN_INFINITE_RECURSION = YES;
				CLANG_WARN_INT_CONVERSION = YES;
				CLANG_WARN_NON_LITERAL_NULL_CONVERSION = YES;
				CLANG_WARN_OBJC_IMPLICIT_RETAIN_SELF = YES;
				CLANG_WARN_OBJC_LITERAL_CONVERSION = YES;
				CLANG_WARN_OBJC_ROOT_CLASS = YES_ERROR;
				CLANG_WARN_QUOTED_INCLUDE_IN_FRAMEWORK_HEADER = YES;
				CLANG_WARN_RANGE_LOOP_ANALYSIS = YES;
				CLANG_WARN_STRICT_PROTOTYPES = YES;
				CLANG_WARN_SUSPICIOUS_MOVE = YES;
				CLANG_WARN_UNGUARDED_AVAILABILITY = YES_AGGRESSIVE;
				CLANG_WARN_UNREACHABLE_CODE = YES;
				CLANG_WARN__DUPLICATE_METHOD_MATCH = YES;
				COPY_PHASE_STRIP = NO;
				DEBUG_INFORMATION_FORMAT = dwarf;
				ENABLE_STRICT_OBJC_MSGSEND = YES;
				ENABLE_TESTABILITY = YES;
				ENABLE_USER_SCRIPT_SANDBOXING = YES;
				GCC_C_LANGUAGE_STANDARD = gnu17;
				GCC_DYNAMIC_NO_PIC = NO;
				GCC_NO_COMMON_BLOCKS = YES;
				GCC_OPTIMIZATION_LEVEL = 0;
				GCC_PREPROCESSOR_DEFINITIONS = (
					"DEBUG=1",
					"$(inherited)",
				);
				GCC_WARN_64_TO_32_BIT_CONVERSION = YES;
				GCC_WARN_ABOUT_RETURN_TYPE = YES_ERROR;
				GCC_WARN_UNDECLARED_SELECTOR = YES;
				GCC_WARN_UNINITIALIZED_AUTOS = YES_AGGRESSIVE;
				GCC_WARN_UNUSED_FUNCTION = YES;
				GCC_WARN_UNUSED_VARIABLE = YES;
				LOCALIZATION_PREFERS_STRING_CATALOGS = YES;
				MACOSX_DEPLOYMENT_TARGET = 14.2;
				MTL_ENABLE_DEBUG_INFO = INCLUDE_SOURCE;
				MTL_FAST_MATH = YES;
				ONLY_ACTIVE_ARCH = YES;
				SDKROOT = macosx;
				SWIFT_ACTIVE_COMPILATION_CONDITIONS = "DEBUG $(inherited)";
				SWIFT_OPTIMIZATION_LEVEL = "-Onone";
			};
			name = Debug;
		};
		F98B63942BA3762B00C1748E /* Release */ = {
			isa = XCBuildConfiguration;
			buildSettings = {
				ALWAYS_SEARCH_USER_PATHS = NO;
				ASSETCATALOG_COMPILER_GENERATE_SWIFT_ASSET_SYMBOL_EXTENSIONS = YES;
				CLANG_ANALYZER_NONNULL = YES;
				CLANG_ANALYZER_NUMBER_OBJECT_CONVERSION = YES_AGGRESSIVE;
				CLANG_CXX_LANGUAGE_STANDARD = "gnu++20";
				CLANG_ENABLE_MODULES = YES;
				CLANG_ENABLE_OBJC_ARC = YES;
				CLANG_ENABLE_OBJC_WEAK = YES;
				CLANG_WARN_BLOCK_CAPTURE_AUTORELEASING = YES;
				CLANG_WARN_BOOL_CONVERSION = YES;
				CLANG_WARN_COMMA = YES;
				CLANG_WARN_CONSTANT_CONVERSION = YES;
				CLANG_WARN_DEPRECATED_OBJC_IMPLEMENTATIONS = YES;
				CLANG_WARN_DIRECT_OBJC_ISA_USAGE = YES_ERROR;
				CLANG_WARN_DOCUMENTATION_COMMENTS = YES;
				CLANG_WARN_EMPTY_BODY = YES;
				CLANG_WARN_ENUM_CONVERSION = YES;
				CLANG_WARN_INFINITE_RECURSION = YES;
				CLANG_WARN_INT_CONVERSION = YES;
				CLANG_WARN_NON_LITERAL_NULL_CONVERSION = YES;
				CLANG_WARN_OBJC_IMPLICIT_RETAIN_SELF = YES;
				CLANG_WARN_OBJC_LITERAL_CONVERSION = YES;
				CLANG_WARN_OBJC_ROOT_CLASS = YES_ERROR;
				CLANG_WARN_QUOTED_INCLUDE_IN_FRAMEWORK_HEADER = YES;
				CLANG_WARN_RANGE_LOOP_ANALYSIS = YES;
				CLANG_WARN_STRICT_PROTOTYPES = YES;
				CLANG_WARN_SUSPICIOUS_MOVE = YES;
				CLANG_WARN_UNGUARDED_AVAILABILITY = YES_AGGRESSIVE;
				CLANG_WARN_UNREACHABLE_CODE = YES;
				CLANG_WARN__DUPLICATE_METHOD_MATCH = YES;
				COPY_PHASE_STRIP = NO;
				DEBUG_INFORMATION_FORMAT = "dwarf-with-dsym";
				ENABLE_NS_ASSERTIONS = NO;
				ENABLE_STRICT_OBJC_MSGSEND = YES;
				ENABLE_USER_SCRIPT_SANDBOXING = YES;
				GCC_C_LANGUAGE_STANDARD = gnu17;
				GCC_NO_COMMON_BLOCKS = YES;
				GCC_WARN_64_TO_32_BIT_CONVERSION = YES;
				GCC_WARN_ABOUT_RETURN_TYPE = YES_ERROR;
				GCC_WARN_UNDECLARED_SELECTOR = YES;
				GCC_WARN_UNINITIALIZED_AUTOS = YES_AGGRESSIVE;
				GCC_WARN_UNUSED_FUNCTION = YES;
				GCC_WARN_UNUSED_VARIABLE = YES;
				LOCALIZATION_PREFERS_STRING_CATALOGS = YES;
				MACOSX_DEPLOYMENT_TARGET = 14.2;
				MTL_ENABLE_DEBUG_INFO = NO;
				MTL_FAST_MATH = YES;
				SDKROOT = macosx;
				SWIFT_COMPILATION_MODE = wholemodule;
			};
			name = Release;
		};
		F98B63962BA3762B00C1748E /* Debug */ = {
			isa = XCBuildConfiguration;
			buildSettings = {
				CODE_SIGN_STYLE = Automatic;
				DEVELOPMENT_TEAM = RYDG9V3U4V;
				ENABLE_HARDENED_RUNTIME = YES;
				PRODUCT_NAME = "$(TARGET_NAME)";
				SWIFT_VERSION = 5.0;
			};
			name = Debug;
		};
		F98B63972BA3762B00C1748E /* Release */ = {
			isa = XCBuildConfiguration;
			buildSettings = {
				CODE_SIGN_STYLE = Automatic;
				DEVELOPMENT_TEAM = RYDG9V3U4V;
				ENABLE_HARDENED_RUNTIME = YES;
				PRODUCT_NAME = "$(TARGET_NAME)";
				SWIFT_VERSION = 5.0;
			};
			name = Release;
		};
		F98B63A72BA3767B00C1748E /* Debug */ = {
			isa = XCBuildConfiguration;
			buildSettings = {
				CODE_SIGN_ENTITLEMENTS = sysCheckXpc/sysCheckXpc.entitlements;
				CODE_SIGN_STYLE = Automatic;
				COMBINE_HIDPI_IMAGES = YES;
				CURRENT_PROJECT_VERSION = 1;
				DEVELOPMENT_TEAM = RYDG9V3U4V;
				ENABLE_HARDENED_RUNTIME = YES;
				GENERATE_INFOPLIST_FILE = YES;
				INFOPLIST_FILE = sysCheckXpc/Info.plist;
				INFOPLIST_KEY_CFBundleDisplayName = sysCheckXpc;
				INFOPLIST_KEY_NSHumanReadableCopyright = "";
				MARKETING_VERSION = 1.0;
				PRODUCT_BUNDLE_IDENTIFIER = mranv.sysCheckXpc;
				PRODUCT_NAME = "$(TARGET_NAME)";
				SKIP_INSTALL = YES;
				SWIFT_EMIT_LOC_STRINGS = YES;
				SWIFT_VERSION = 5.0;
			};
			name = Debug;
		};
		F98B63A82BA3767B00C1748E /* Release */ = {
			isa = XCBuildConfiguration;
			buildSettings = {
				CODE_SIGN_ENTITLEMENTS = sysCheckXpc/sysCheckXpc.entitlements;
				CODE_SIGN_STYLE = Automatic;
				COMBINE_HIDPI_IMAGES = YES;
				CURRENT_PROJECT_VERSION = 1;
				DEVELOPMENT_TEAM = RYDG9V3U4V;
				ENABLE_HARDENED_RUNTIME = YES;
				GENERATE_INFOPLIST_FILE = YES;
				INFOPLIST_FILE = sysCheckXpc/Info.plist;
				INFOPLIST_KEY_CFBundleDisplayName = sysCheckXpc;
				INFOPLIST_KEY_NSHumanReadableCopyright = "";
				MARKETING_VERSION = 1.0;
				PRODUCT_BUNDLE_IDENTIFIER = mranv.sysCheckXpc;
				PRODUCT_NAME = "$(TARGET_NAME)";
				SKIP_INSTALL = YES;
				SWIFT_EMIT_LOC_STRINGS = YES;
				SWIFT_VERSION = 5.0;
			};
			name = Release;
		};
		F98B63B22BA376AC00C1748E /* Debug */ = {
			isa = XCBuildConfiguration;
			buildSettings = {
				CODE_SIGN_STYLE = Automatic;
				DEVELOPMENT_TEAM = RYDG9V3U4V;
				ENABLE_HARDENED_RUNTIME = YES;
				PRODUCT_NAME = "$(TARGET_NAME)";
				SWIFT_VERSION = 5.0;
			};
			name = Debug;
		};
		F98B63B32BA376AC00C1748E /* Release */ = {
			isa = XCBuildConfiguration;
			buildSettings = {
				CODE_SIGN_STYLE = Automatic;
				DEVELOPMENT_TEAM = RYDG9V3U4V;
				ENABLE_HARDENED_RUNTIME = YES;
				PRODUCT_NAME = "$(TARGET_NAME)";
				SWIFT_VERSION = 5.0;
			};
			name = Release;
		};
/* End XCBuildConfiguration section */

/* Begin XCConfigurationList section */
		F98B63892BA3762B00C1748E /* Build configuration list for PBXProject "sysCheck" */ = {
			isa = XCConfigurationList;
			buildConfigurations = (
				F98B63932BA3762B00C1748E /* Debug */,
				F98B63942BA3762B00C1748E /* Release */,
			);
			defaultConfigurationIsVisible = 0;
			defaultConfigurationName = Release;
		};
		F98B63952BA3762B00C1748E /* Build configuration list for PBXNativeTarget "sysCheck" */ = {
			isa = XCConfigurationList;
			buildConfigurations = (
				F98B63962BA3762B00C1748E /* Debug */,
				F98B63972BA3762B00C1748E /* Release */,
			);
			defaultConfigurationIsVisible = 0;
			defaultConfigurationName = Release;
		};
		F98B63A62BA3767B00C1748E /* Build configuration list for PBXNativeTarget "sysCheckXpc" */ = {
			isa = XCConfigurationList;
			buildConfigurations = (
				F98B63A72BA3767B00C1748E /* Debug */,
				F98B63A82BA3767B00C1748E /* Release */,
			);
			defaultConfigurationIsVisible = 0;
			defaultConfigurationName = Release;
		};
		F98B63B12BA376AC00C1748E /* Build configuration list for PBXNativeTarget "sysOuput" */ = {
			isa = XCConfigurationList;
			buildConfigurations = (
				F98B63B22BA376AC00C1748E /* Debug */,
				F98B63B32BA376AC00C1748E /* Release */,
			);
			defaultConfigurationIsVisible = 0;
			defaultConfigurationName = Release;
		};
/* End XCConfigurationList section */
	};
	rootObject = F98B63862BA3762B00C1748E /* Project object */;
}
